{
  "dependencies": {
    "magentojs": {
      "version": "0.0.2",
      "dependencies": {
        "xmlrpc": {
          "version": "1.2.0",
          "dependencies": {
            "sax": {
              "version": "0.4.3"
            },
            "xmlbuilder": {
              "version": "0.4.2"
            }
          }
        }
      }
    }
  }
}
